
Microsoft Visual Studio Solution File, Format Version 12.00
# Visual Studio Version 16
VisualStudioVersion = 16.0.31205.134
MinimumVisualStudioVersion = 10.0.40219.1
Project("{FAE04EC0-301F-11D3-BF4B-00C04F79EFBC}") = "EstudioContableSpringfieldGUI", "EstudioContableSpringfieldGUI\EstudioContableSpringfieldGUI.csproj", "{AD333939-C060-45A3-AEF9-ACAE59592E91}"
EndProject
Project("{FAE04EC0-301F-11D3-BF4B-00C04F79EFBC}") = "Estudio.Libreria", "Estudio.Libreria\Estudio.Libreria.csproj", "{33829751-FD2B-4156-A86A-4D6682C2272E}"
EndProject
Global
	GlobalSection(SolutionConfigurationPlatforms) = preSolution
		Debug|Any CPU = Debug|Any CPU
		Release|Any CPU = Release|Any CPU
	EndGlobalSection
	GlobalSection(ProjectConfigurationPlatforms) = postSolution
		{AD333939-C060-45A3-AEF9-ACAE59592E91}.Debug|Any CPU.ActiveCfg = Debug|Any CPU
		{AD333939-C060-45A3-AEF9-ACAE59592E91}.Debug|Any CPU.Build.0 = Debug|Any CPU
		{AD333939-C060-45A3-AEF9-ACAE59592E91}.Release|Any CPU.ActiveCfg = Release|Any CPU
		{AD333939-C060-45A3-AEF9-ACAE59592E91}.Release|Any CPU.Build.0 = Release|Any CPU
		{33829751-FD2B-4156-A86A-4D6682C2272E}.Debug|Any CPU.ActiveCfg = Debug|Any CPU
		{33829751-FD2B-4156-A86A-4D6682C2272E}.Debug|Any CPU.Build.0 = Debug|Any CPU
		{33829751-FD2B-4156-A86A-4D6682C2272E}.Release|Any CPU.ActiveCfg = Release|Any CPU
		{33829751-FD2B-4156-A86A-4D6682C2272E}.Release|Any CPU.Build.0 = Release|Any CPU
	EndGlobalSection
	GlobalSection(SolutionProperties) = preSolution
		HideSolutionNode = FALSE
	EndGlobalSection
	GlobalSection(ExtensibilityGlobals) = postSolution
		SolutionGuid = {BA3AB880-5612-4219-866C-4CA12EF12FD1}
	EndGlobalSection
EndGlobal
